
Microsoft Visual Studio Solution File, Format Version 12.00
# Visual Studio 15
VisualStudioVersion = 15.0.25901.0
MinimumVisualStudioVersion = 10.0.40219.1
Project("{9A19103F-16F7-4668-BE54-9A1E7A4F7556}") = "NetCore_ConsoleApp", "NetCore_ConsoleApp\NetCore_ConsoleApp.csproj", "{1D5F3E05-2498-4283-9681-58B9DB0CA375}"
EndProject
Project("{9A19103F-16F7-4668-BE54-9A1E7A4F7556}") = "NetStandard_ClassLibrary", "NetStandard_ClassLibrary\NetStandard_ClassLibrary.csproj", "{5F413B9D-6B63-44A6-B375-2187AFCCA5CE}"
EndProject
Global
	GlobalSection(SolutionConfigurationPlatforms) = preSolution
		Debug|Any CPU = Debug|Any CPU
		Release|Any CPU = Release|Any CPU
	EndGlobalSection
	GlobalSection(ProjectConfigurationPlatforms) = postSolution
		{1D5F3E05-2498-4283-9681-58B9DB0CA375}.Debug|Any CPU.ActiveCfg = Debug|Any CPU
		{1D5F3E05-2498-4283-9681-58B9DB0CA375}.Debug|Any CPU.Build.0 = Debug|Any CPU
		{1D5F3E05-2498-4283-9681-58B9DB0CA375}.Release|Any CPU.ActiveCfg = Release|Any CPU
		{1D5F3E05-2498-4283-9681-58B9DB0CA375}.Release|Any CPU.Build.0 = Release|Any CPU
		{5F413B9D-6B63-44A6-B375-2187AFCCA5CE}.Debug|Any CPU.ActiveCfg = Debug|Any CPU
		{5F413B9D-6B63-44A6-B375-2187AFCCA5CE}.Debug|Any CPU.Build.0 = Debug|Any CPU
		{5F413B9D-6B63-44A6-B375-2187AFCCA5CE}.Release|Any CPU.ActiveCfg = Release|Any CPU
		{5F413B9D-6B63-44A6-B375-2187AFCCA5CE}.Release|Any CPU.Build.0 = Release|Any CPU
	EndGlobalSection
	GlobalSection(SolutionProperties) = preSolution
		HideSolutionNode = FALSE
	EndGlobalSection
EndGlobal
