
Microsoft Visual Studio Solution File, Format Version 12.00
# Visual Studio 14
VisualStudioVersion = 14.0.25420.1
MinimumVisualStudioVersion = 10.0.40219.1
Project("{2150E333-8FDC-42A3-9474-1A3956D46DE8}") = "src", "src", "{75F8C6CE-1A17-40D4-8EAB-D15A6E8DE36C}"
EndProject
Project("{2150E333-8FDC-42A3-9474-1A3956D46DE8}") = "Solution Items", "Solution Items", "{96AD8EE2-E952-42BA-9E1F-A43189126DE2}"
	ProjectSection(SolutionItems) = preProject
		global.json = global.json
	EndProjectSection
EndProject
Project("{8BB2217D-0F2D-49D1-97BC-3654ED321F3B}") = "NetStandard_ClassLibrary", "src\NetStandard16Demo\NetStandard_ClassLibrary.xproj", "{A3BA3393-303F-4EDD-89B1-886655649E0C}"
EndProject
Project("{8BB2217D-0F2D-49D1-97BC-3654ED321F3B}") = "NetCore_ConsoleApp", "src\NetCore_ConsoleApp\NetCore_ConsoleApp.xproj", "{E6BC6A1A-9B9A-4C9D-878A-2BC39E4D0684}"
EndProject
Global
	GlobalSection(SolutionConfigurationPlatforms) = preSolution
		Debug|Any CPU = Debug|Any CPU
		Release|Any CPU = Release|Any CPU
	EndGlobalSection
	GlobalSection(ProjectConfigurationPlatforms) = postSolution
		{A3BA3393-303F-4EDD-89B1-886655649E0C}.Debug|Any CPU.ActiveCfg = Debug|Any CPU
		{A3BA3393-303F-4EDD-89B1-886655649E0C}.Debug|Any CPU.Build.0 = Debug|Any CPU
		{A3BA3393-303F-4EDD-89B1-886655649E0C}.Release|Any CPU.ActiveCfg = Release|Any CPU
		{A3BA3393-303F-4EDD-89B1-886655649E0C}.Release|Any CPU.Build.0 = Release|Any CPU
		{E6BC6A1A-9B9A-4C9D-878A-2BC39E4D0684}.Debug|Any CPU.ActiveCfg = Debug|Any CPU
		{E6BC6A1A-9B9A-4C9D-878A-2BC39E4D0684}.Debug|Any CPU.Build.0 = Debug|Any CPU
		{E6BC6A1A-9B9A-4C9D-878A-2BC39E4D0684}.Release|Any CPU.ActiveCfg = Release|Any CPU
		{E6BC6A1A-9B9A-4C9D-878A-2BC39E4D0684}.Release|Any CPU.Build.0 = Release|Any CPU
	EndGlobalSection
	GlobalSection(SolutionProperties) = preSolution
		HideSolutionNode = FALSE
	EndGlobalSection
	GlobalSection(NestedProjects) = preSolution
		{A3BA3393-303F-4EDD-89B1-886655649E0C} = {75F8C6CE-1A17-40D4-8EAB-D15A6E8DE36C}
		{E6BC6A1A-9B9A-4C9D-878A-2BC39E4D0684} = {75F8C6CE-1A17-40D4-8EAB-D15A6E8DE36C}
	EndGlobalSection
EndGlobal
